
Microsoft Visual Studio Solution File, Format Version 12.00
# Visual Studio Version 17
VisualStudioVersion = 17.10.35013.160
MinimumVisualStudioVersion = 10.0.40219.1
Project("{FAE04EC0-301F-11D3-BF4B-00C04F79EFBC}") = "Blazor Web App", "Blazor Web App\Blazor Web App.csproj", "{9EC2A72B-C25D-4754-BBF3-FDED387FEDBF}"
EndProject
Global
	GlobalSection(SolutionConfigurationPlatforms) = preSolution
		Debug|Any CPU = Debug|Any CPU
		Release|Any CPU = Release|Any CPU
	EndGlobalSection
	GlobalSection(ProjectConfigurationPlatforms) = postSolution
		{9EC2A72B-C25D-4754-BBF3-FDED387FEDBF}.Debug|Any CPU.ActiveCfg = Debug|Any CPU
		{9EC2A72B-C25D-4754-BBF3-FDED387FEDBF}.Debug|Any CPU.Build.0 = Debug|Any CPU
		{9EC2A72B-C25D-4754-BBF3-FDED387FEDBF}.Release|Any CPU.ActiveCfg = Release|Any CPU
		{9EC2A72B-C25D-4754-BBF3-FDED387FEDBF}.Release|Any CPU.Build.0 = Release|Any CPU
	EndGlobalSection
	GlobalSection(SolutionProperties) = preSolution
		HideSolutionNode = FALSE
	EndGlobalSection
	GlobalSection(ExtensibilityGlobals) = postSolution
		SolutionGuid = {F985A548-39C1-45A5-BAD6-FFAC15C5ED0A}
	EndGlobalSection
EndGlobal
