
Microsoft Visual Studio Solution File, Format Version 12.00
# Visual Studio Version 17
VisualStudioVersion = 17.10.34916.146
MinimumVisualStudioVersion = 10.0.40219.1
Project("{9A19103F-16F7-4668-BE54-9A1E7A4F7556}") = "Aegis", "Aegis\Aegis.csproj", "{49AD942E-44EF-4587-8197-9E4A5FF023F7}"
EndProject
Project("{9A19103F-16F7-4668-BE54-9A1E7A4F7556}") = "Aegis.Tests", "Aegis.Tests\Aegis.Tests.csproj", "{BA4C1168-5233-4CA9-BE58-9DFB6EC70584}"
EndProject
Project("{9A19103F-16F7-4668-BE54-9A1E7A4F7556}") = "Tessera.Models", "..\..\Libraries\Tessera Models\Tessera Models\Tessera.Models.csproj", "{690D77F0-7B53-4636-B0E0-24FE6073C576}"
EndProject
Global
	GlobalSection(SolutionConfigurationPlatforms) = preSolution
		Debug|Any CPU = Debug|Any CPU
		Release|Any CPU = Release|Any CPU
	EndGlobalSection
	GlobalSection(ProjectConfigurationPlatforms) = postSolution
		{49AD942E-44EF-4587-8197-9E4A5FF023F7}.Debug|Any CPU.ActiveCfg = Debug|Any CPU
		{49AD942E-44EF-4587-8197-9E4A5FF023F7}.Debug|Any CPU.Build.0 = Debug|Any CPU
		{49AD942E-44EF-4587-8197-9E4A5FF023F7}.Release|Any CPU.ActiveCfg = Release|Any CPU
		{49AD942E-44EF-4587-8197-9E4A5FF023F7}.Release|Any CPU.Build.0 = Release|Any CPU
		{BA4C1168-5233-4CA9-BE58-9DFB6EC70584}.Debug|Any CPU.ActiveCfg = Debug|Any CPU
		{BA4C1168-5233-4CA9-BE58-9DFB6EC70584}.Debug|Any CPU.Build.0 = Debug|Any CPU
		{BA4C1168-5233-4CA9-BE58-9DFB6EC70584}.Release|Any CPU.ActiveCfg = Release|Any CPU
		{BA4C1168-5233-4CA9-BE58-9DFB6EC70584}.Release|Any CPU.Build.0 = Release|Any CPU
		{690D77F0-7B53-4636-B0E0-24FE6073C576}.Debug|Any CPU.ActiveCfg = Debug|Any CPU
		{690D77F0-7B53-4636-B0E0-24FE6073C576}.Debug|Any CPU.Build.0 = Debug|Any CPU
		{690D77F0-7B53-4636-B0E0-24FE6073C576}.Release|Any CPU.ActiveCfg = Release|Any CPU
		{690D77F0-7B53-4636-B0E0-24FE6073C576}.Release|Any CPU.Build.0 = Release|Any CPU
	EndGlobalSection
	GlobalSection(SolutionProperties) = preSolution
		HideSolutionNode = FALSE
	EndGlobalSection
	GlobalSection(ExtensibilityGlobals) = postSolution
		SolutionGuid = {4621871D-3693-4F9D-A27F-92F502147A71}
	EndGlobalSection
EndGlobal
