
Microsoft Visual Studio Solution File, Format Version 12.00
# Visual Studio Version 17
VisualStudioVersion = 17.10.35013.160
MinimumVisualStudioVersion = 10.0.40219.1
Project("{FAE04EC0-301F-11D3-BF4B-00C04F79EFBC}") = "BlazorComponentTesting", "BlazorComponentTesting\BlazorComponentTesting.csproj", "{44BA6588-757A-46B9-84B5-32A38C0EE2C7}"
EndProject
Global
	GlobalSection(SolutionConfigurationPlatforms) = preSolution
		Debug|Any CPU = Debug|Any CPU
		Release|Any CPU = Release|Any CPU
	EndGlobalSection
	GlobalSection(ProjectConfigurationPlatforms) = postSolution
		{44BA6588-757A-46B9-84B5-32A38C0EE2C7}.Debug|Any CPU.ActiveCfg = Debug|Any CPU
		{44BA6588-757A-46B9-84B5-32A38C0EE2C7}.Debug|Any CPU.Build.0 = Debug|Any CPU
		{44BA6588-757A-46B9-84B5-32A38C0EE2C7}.Debug|Any CPU.Deploy.0 = Debug|Any CPU
		{44BA6588-757A-46B9-84B5-32A38C0EE2C7}.Release|Any CPU.ActiveCfg = Release|Any CPU
		{44BA6588-757A-46B9-84B5-32A38C0EE2C7}.Release|Any CPU.Build.0 = Release|Any CPU
		{44BA6588-757A-46B9-84B5-32A38C0EE2C7}.Release|Any CPU.Deploy.0 = Release|Any CPU
	EndGlobalSection
	GlobalSection(SolutionProperties) = preSolution
		HideSolutionNode = FALSE
	EndGlobalSection
	GlobalSection(ExtensibilityGlobals) = postSolution
		SolutionGuid = {FD914ABD-8ECC-4A6E-BC77-09D6B7A6D030}
	EndGlobalSection
EndGlobal
